
Microsoft Visual Studio Solution File, Format Version 12.00
# Visual Studio Version 17
VisualStudioVersion = 17.14.36623.8 d17.14
MinimumVisualStudioVersion = 10.0.40219.1
Project("{2150E333-8FDC-42A3-9474-1A3956D46DE8}") = "Core", "Core", "{02EA681E-C7D8-13C7-8484-4AC65E1B71E8}"
EndProject
Project("{2150E333-8FDC-42A3-9474-1A3956D46DE8}") = "Common", "Common", "{FEAD1171-C54B-499F-9CD0-7793422A8E6A}"
EndProject
Project("{2150E333-8FDC-42A3-9474-1A3956D46DE8}") = "Api", "Api", "{26739BF7-A97C-485C-B979-442122D08906}"
EndProject
Project("{2150E333-8FDC-42A3-9474-1A3956D46DE8}") = "Infrastructure", "Infrastructure", "{955B9AE5-CF50-4281-BFBD-B6B16DA8CD76}"
EndProject
Project("{2150E333-8FDC-42A3-9474-1A3956D46DE8}") = "src", "src", "{E55C8616-62D4-4A23-8C25-D2A19C717A59}"
EndProject
Project("{FAE04EC0-301F-11D3-BF4B-00C04F79EFBC}") = "VMT.TechnicalTest.Domain", "src\VMT.TechnicalTest.Domain\VMT.TechnicalTest.Domain.csproj", "{D3230245-535C-4CB8-82F7-A40D5E66F021}"
EndProject
Project("{FAE04EC0-301F-11D3-BF4B-00C04F79EFBC}") = "VMT.TechnicalTest.Application", "src\VMT.TechnicalTest.Application\VMT.TechnicalTest.Application.csproj", "{B0711A67-A5F5-4DC1-A011-9822012AAF91}"
EndProject
Project("{FAE04EC0-301F-11D3-BF4B-00C04F79EFBC}") = "VMT.TechnicalTest.Security", "src\VMT.TechnicalTest.Security\VMT.TechnicalTest.Security.csproj", "{88136C00-FB48-4364-8D62-1C9147E5FD77}"
EndProject
Project("{FAE04EC0-301F-11D3-BF4B-00C04F79EFBC}") = "VMT.TechnicalTest.Persistence", "src\VMT.TechnicalTest.Persistence\VMT.TechnicalTest.Persistence.csproj", "{AA4A588B-4BF1-420E-B2E8-6DDED950509E}"
EndProject
Project("{2150E333-8FDC-42A3-9474-1A3956D46DE8}") = "Test", "Test", "{F3B3C85D-FC87-4A30-BD6F-5374E1502F22}"
EndProject
Project("{FAE04EC0-301F-11D3-BF4B-00C04F79EFBC}") = "VMT.TechnicalTest.xUnit", "src\VMT.TechnicalTest.xUnit\VMT.TechnicalTest.xUnit.csproj", "{D7F32E70-E2AB-47DC-8E08-CFF30135749E}"
EndProject
Project("{FAE04EC0-301F-11D3-BF4B-00C04F79EFBC}") = "VMT.TechnicalTest.Common", "src\VMT.TechnicalTest.Common\VMT.TechnicalTest.Common.csproj", "{547A3FC7-770B-417A-BEB9-8A494C838486}"
EndProject
Project("{FAE04EC0-301F-11D3-BF4B-00C04F79EFBC}") = "VMT.TechnicalTest.Api", "src\VMT.TechnicalTest.Api\VMT.TechnicalTest.Api.csproj", "{BCF7150B-52D0-46F6-98A1-5CDC47DE36A8}"
EndProject
Global
	GlobalSection(SolutionConfigurationPlatforms) = preSolution
		Debug|Any CPU = Debug|Any CPU
		Release|Any CPU = Release|Any CPU
	EndGlobalSection
	GlobalSection(ProjectConfigurationPlatforms) = postSolution
		{D3230245-535C-4CB8-82F7-A40D5E66F021}.Debug|Any CPU.ActiveCfg = Debug|Any CPU
		{D3230245-535C-4CB8-82F7-A40D5E66F021}.Debug|Any CPU.Build.0 = Debug|Any CPU
		{D3230245-535C-4CB8-82F7-A40D5E66F021}.Release|Any CPU.ActiveCfg = Release|Any CPU
		{D3230245-535C-4CB8-82F7-A40D5E66F021}.Release|Any CPU.Build.0 = Release|Any CPU
		{B0711A67-A5F5-4DC1-A011-9822012AAF91}.Debug|Any CPU.ActiveCfg = Debug|Any CPU
		{B0711A67-A5F5-4DC1-A011-9822012AAF91}.Debug|Any CPU.Build.0 = Debug|Any CPU
		{B0711A67-A5F5-4DC1-A011-9822012AAF91}.Release|Any CPU.ActiveCfg = Release|Any CPU
		{B0711A67-A5F5-4DC1-A011-9822012AAF91}.Release|Any CPU.Build.0 = Release|Any CPU
		{88136C00-FB48-4364-8D62-1C9147E5FD77}.Debug|Any CPU.ActiveCfg = Debug|Any CPU
		{88136C00-FB48-4364-8D62-1C9147E5FD77}.Debug|Any CPU.Build.0 = Debug|Any CPU
		{88136C00-FB48-4364-8D62-1C9147E5FD77}.Release|Any CPU.ActiveCfg = Release|Any CPU
		{88136C00-FB48-4364-8D62-1C9147E5FD77}.Release|Any CPU.Build.0 = Release|Any CPU
		{AA4A588B-4BF1-420E-B2E8-6DDED950509E}.Debug|Any CPU.ActiveCfg = Debug|Any CPU
		{AA4A588B-4BF1-420E-B2E8-6DDED950509E}.Debug|Any CPU.Build.0 = Debug|Any CPU
		{AA4A588B-4BF1-420E-B2E8-6DDED950509E}.Release|Any CPU.ActiveCfg = Release|Any CPU
		{AA4A588B-4BF1-420E-B2E8-6DDED950509E}.Release|Any CPU.Build.0 = Release|Any CPU
		{D7F32E70-E2AB-47DC-8E08-CFF30135749E}.Debug|Any CPU.ActiveCfg = Debug|Any CPU
		{D7F32E70-E2AB-47DC-8E08-CFF30135749E}.Debug|Any CPU.Build.0 = Debug|Any CPU
		{D7F32E70-E2AB-47DC-8E08-CFF30135749E}.Release|Any CPU.ActiveCfg = Release|Any CPU
		{D7F32E70-E2AB-47DC-8E08-CFF30135749E}.Release|Any CPU.Build.0 = Release|Any CPU
		{547A3FC7-770B-417A-BEB9-8A494C838486}.Debug|Any CPU.ActiveCfg = Debug|Any CPU
		{547A3FC7-770B-417A-BEB9-8A494C838486}.Debug|Any CPU.Build.0 = Debug|Any CPU
		{547A3FC7-770B-417A-BEB9-8A494C838486}.Release|Any CPU.ActiveCfg = Release|Any CPU
		{547A3FC7-770B-417A-BEB9-8A494C838486}.Release|Any CPU.Build.0 = Release|Any CPU
		{BCF7150B-52D0-46F6-98A1-5CDC47DE36A8}.Debug|Any CPU.ActiveCfg = Debug|Any CPU
		{BCF7150B-52D0-46F6-98A1-5CDC47DE36A8}.Debug|Any CPU.Build.0 = Debug|Any CPU
		{BCF7150B-52D0-46F6-98A1-5CDC47DE36A8}.Release|Any CPU.ActiveCfg = Release|Any CPU
		{BCF7150B-52D0-46F6-98A1-5CDC47DE36A8}.Release|Any CPU.Build.0 = Release|Any CPU
	EndGlobalSection
	GlobalSection(SolutionProperties) = preSolution
		HideSolutionNode = FALSE
	EndGlobalSection
	GlobalSection(NestedProjects) = preSolution
		{02EA681E-C7D8-13C7-8484-4AC65E1B71E8} = {E55C8616-62D4-4A23-8C25-D2A19C717A59}
		{FEAD1171-C54B-499F-9CD0-7793422A8E6A} = {E55C8616-62D4-4A23-8C25-D2A19C717A59}
		{26739BF7-A97C-485C-B979-442122D08906} = {E55C8616-62D4-4A23-8C25-D2A19C717A59}
		{955B9AE5-CF50-4281-BFBD-B6B16DA8CD76} = {E55C8616-62D4-4A23-8C25-D2A19C717A59}
		{D3230245-535C-4CB8-82F7-A40D5E66F021} = {02EA681E-C7D8-13C7-8484-4AC65E1B71E8}
		{B0711A67-A5F5-4DC1-A011-9822012AAF91} = {02EA681E-C7D8-13C7-8484-4AC65E1B71E8}
		{88136C00-FB48-4364-8D62-1C9147E5FD77} = {955B9AE5-CF50-4281-BFBD-B6B16DA8CD76}
		{AA4A588B-4BF1-420E-B2E8-6DDED950509E} = {955B9AE5-CF50-4281-BFBD-B6B16DA8CD76}
		{F3B3C85D-FC87-4A30-BD6F-5374E1502F22} = {E55C8616-62D4-4A23-8C25-D2A19C717A59}
		{D7F32E70-E2AB-47DC-8E08-CFF30135749E} = {F3B3C85D-FC87-4A30-BD6F-5374E1502F22}
		{547A3FC7-770B-417A-BEB9-8A494C838486} = {FEAD1171-C54B-499F-9CD0-7793422A8E6A}
		{BCF7150B-52D0-46F6-98A1-5CDC47DE36A8} = {26739BF7-A97C-485C-B979-442122D08906}
	EndGlobalSection
	GlobalSection(ExtensibilityGlobals) = postSolution
		SolutionGuid = {64F92A96-39CC-4833-9136-CD6C655F56C1}
	EndGlobalSection
EndGlobal
